// !$*UTF8*$!
{
	archiveVersion = 1;
	classes = {
	};
	objectVersion = 55;
	objects = {

/* Begin PBXBuildFile section */
		C109EFAA29523C1200FC266C /* MenuController.swift in Sources */ = {isa = PBXBuildFile; fileRef = C109EFA929523C1200FC266C /* MenuController.swift */; };
		C109EFAC29523C9600FC266C /* MenuViewModel.swift in Sources */ = {isa = PBXBuildFile; fileRef = C109EFAB29523C9600FC266C /* MenuViewModel.swift */; };
		C109EFAE29523CD800FC266C /* MenuRouter.swift in Sources */ = {isa = PBXBuildFile; fileRef = C109EFAD29523CD800FC266C /* MenuRouter.swift */; };
		C109EFB029523D1300FC266C /* MenuView.storyboard in Resources */ = {isa = PBXBuildFile; fileRef = C109EFAF29523D1300FC266C /* MenuView.storyboard */; };
		C109EFB22952FFFE00FC266C /* 677-trophy.json in Resources */ = {isa = PBXBuildFile; fileRef = C109EFB12952FFFE00FC266C /* 677-trophy.json */; };
		C109EFB529539BD000FC266C /* Localizable.strings in Resources */ = {isa = PBXBuildFile; fileRef = C109EFB729539BD000FC266C /* Localizable.strings */; };
		C166B155288741B800810B89 /* AppDelegate.swift in Sources */ = {isa = PBXBuildFile; fileRef = C166B154288741B800810B89 /* AppDelegate.swift */; };
		C166B157288741B800810B89 /* SceneDelegate.swift in Sources */ = {isa = PBXBuildFile; fileRef = C166B156288741B800810B89 /* SceneDelegate.swift */; };
		C166B159288741B800810B89 /* GameController.swift in Sources */ = {isa = PBXBuildFile; fileRef = C166B158288741B800810B89 /* GameController.swift */; };
		C166B15E288741BA00810B89 /* Assets.xcassets in Resources */ = {isa = PBXBuildFile; fileRef = C166B15D288741BA00810B89 /* Assets.xcassets */; };
		C166B161288741BA00810B89 /* LaunchScreen.storyboard in Resources */ = {isa = PBXBuildFile; fileRef = C166B15F288741BA00810B89 /* LaunchScreen.storyboard */; };
		C188A73A2958C3DC00A94809 /* UIDevice.swift in Sources */ = {isa = PBXBuildFile; fileRef = C188A7392958C3DC00A94809 /* UIDevice.swift */; };
		C1B4AC76288ABA5A0015C1C5 /* Lottie in Frameworks */ = {isa = PBXBuildFile; productRef = C1B4AC75288ABA5A0015C1C5 /* Lottie */; };
		C1B4AC79288ABF5E0015C1C5 /* WinnerView.storyboard in Resources */ = {isa = PBXBuildFile; fileRef = C1B4AC78288ABF5E0015C1C5 /* WinnerView.storyboard */; };
		C1B4AC7B288ABF770015C1C5 /* WinnerController.swift in Sources */ = {isa = PBXBuildFile; fileRef = C1B4AC7A288ABF770015C1C5 /* WinnerController.swift */; };
		C1B4AC7D288AC0A30015C1C5 /* 67230-trophy-winner.json in Resources */ = {isa = PBXBuildFile; fileRef = C1B4AC7C288AC0A20015C1C5 /* 67230-trophy-winner.json */; };
		C1B4AC86288BFF590015C1C5 /* GameViewModel.swift in Sources */ = {isa = PBXBuildFile; fileRef = C1B4AC85288BFF590015C1C5 /* GameViewModel.swift */; };
		C1B4AC8B288E98470015C1C5 /* GameView.storyboard in Resources */ = {isa = PBXBuildFile; fileRef = C1B4AC8A288E98470015C1C5 /* GameView.storyboard */; };
		C1B4AC8D288E9D440015C1C5 /* GameRouter.swift in Sources */ = {isa = PBXBuildFile; fileRef = C1B4AC8C288E9D440015C1C5 /* GameRouter.swift */; };
/* End PBXBuildFile section */

/* Begin PBXFileReference section */
		C109EFA929523C1200FC266C /* MenuController.swift */ = {isa = PBXFileReference; lastKnownFileType = sourcecode.swift; path = MenuController.swift; sourceTree = "<group>"; };
		C109EFAB29523C9600FC266C /* MenuViewModel.swift */ = {isa = PBXFileReference; lastKnownFileType = sourcecode.swift; path = MenuViewModel.swift; sourceTree = "<group>"; };
		C109EFAD29523CD800FC266C /* MenuRouter.swift */ = {isa = PBXFileReference; lastKnownFileType = sourcecode.swift; path = MenuRouter.swift; sourceTree = "<group>"; };
		C109EFAF29523D1300FC266C /* MenuView.storyboard */ = {isa = PBXFileReference; lastKnownFileType = file.storyboard; path = MenuView.storyboard; sourceTree = "<group>"; };
		C109EFB12952FFFE00FC266C /* 677-trophy.json */ = {isa = PBXFileReference; fileEncoding = 4; lastKnownFileType = text.json; path = "677-trophy.json"; sourceTree = "<group>"; };
		C109EFB629539BD000FC266C /* en */ = {isa = PBXFileReference; lastKnownFileType = text.plist.strings; name = en; path = en.lproj/Localizable.strings; sourceTree = "<group>"; };
		C109EFB829539BEE00FC266C /* es */ = {isa = PBXFileReference; lastKnownFileType = text.plist.strings; name = es; path = es.lproj/LaunchScreen.strings; sourceTree = "<group>"; };
		C109EFB929539BEE00FC266C /* es */ = {isa = PBXFileReference; lastKnownFileType = text.plist.strings; name = es; path = es.lproj/Localizable.strings; sourceTree = "<group>"; };
		C166B151288741B800810B89 /* connect4.app */ = {isa = PBXFileReference; explicitFileType = wrapper.application; includeInIndex = 0; path = connect4.app; sourceTree = BUILT_PRODUCTS_DIR; };
		C166B154288741B800810B89 /* AppDelegate.swift */ = {isa = PBXFileReference; lastKnownFileType = sourcecode.swift; path = AppDelegate.swift; sourceTree = "<group>"; };
		C166B156288741B800810B89 /* SceneDelegate.swift */ = {isa = PBXFileReference; lastKnownFileType = sourcecode.swift; path = SceneDelegate.swift; sourceTree = "<group>"; };
		C166B158288741B800810B89 /* GameController.swift */ = {isa = PBXFileReference; lastKnownFileType = sourcecode.swift; path = GameController.swift; sourceTree = "<group>"; };
		C166B15D288741BA00810B89 /* Assets.xcassets */ = {isa = PBXFileReference; lastKnownFileType = folder.assetcatalog; path = Assets.xcassets; sourceTree = "<group>"; };
		C166B160288741BA00810B89 /* Base */ = {isa = PBXFileReference; lastKnownFileType = file.storyboard; name = Base; path = Base.lproj/LaunchScreen.storyboard; sourceTree = "<group>"; };
		C166B162288741BA00810B89 /* Info.plist */ = {isa = PBXFileReference; lastKnownFileType = text.plist.xml; path = Info.plist; sourceTree = "<group>"; };
		C188A7392958C3DC00A94809 /* UIDevice.swift */ = {isa = PBXFileReference; lastKnownFileType = sourcecode.swift; path = UIDevice.swift; sourceTree = "<group>"; };
		C1B4AC78288ABF5E0015C1C5 /* WinnerView.storyboard */ = {isa = PBXFileReference; lastKnownFileType = file.storyboard; path = WinnerView.storyboard; sourceTree = "<group>"; };
		C1B4AC7A288ABF770015C1C5 /* WinnerController.swift */ = {isa = PBXFileReference; lastKnownFileType = sourcecode.swift; path = WinnerController.swift; sourceTree = "<group>"; };
		C1B4AC7C288AC0A20015C1C5 /* 67230-trophy-winner.json */ = {isa = PBXFileReference; fileEncoding = 4; lastKnownFileType = text.json; path = "67230-trophy-winner.json"; sourceTree = "<group>"; };
		C1B4AC85288BFF590015C1C5 /* GameViewModel.swift */ = {isa = PBXFileReference; lastKnownFileType = sourcecode.swift; path = GameViewModel.swift; sourceTree = "<group>"; };
		C1B4AC8A288E98470015C1C5 /* GameView.storyboard */ = {isa = PBXFileReference; fileEncoding = 4; lastKnownFileType = file.storyboard; path = GameView.storyboard; sourceTree = "<group>"; };
		C1B4AC8C288E9D440015C1C5 /* GameRouter.swift */ = {isa = PBXFileReference; lastKnownFileType = sourcecode.swift; path = GameRouter.swift; sourceTree = "<group>"; };
/* End PBXFileReference section */

/* Begin PBXFrameworksBuildPhase section */
		C166B14E288741B800810B89 /* Frameworks */ = {
			isa = PBXFrameworksBuildPhase;
			buildActionMask = 2147483647;
			files = (
				C1B4AC76288ABA5A0015C1C5 /* Lottie in Frameworks */,
			);
			runOnlyForDeploymentPostprocessing = 0;
		};
/* End PBXFrameworksBuildPhase section */

/* Begin PBXGroup section */
		C109EFA829523BCB00FC266C /* menu */ = {
			isa = PBXGroup;
			children = (
				C109EFAF29523D1300FC266C /* MenuView.storyboard */,
				C109EFAB29523C9600FC266C /* MenuViewModel.swift */,
				C109EFA929523C1200FC266C /* MenuController.swift */,
				C109EFAD29523CD800FC266C /* MenuRouter.swift */,
			);
			path = menu;
			sourceTree = "<group>";
		};
		C166B148288741B800810B89 = {
			isa = PBXGroup;
			children = (
				C166B153288741B800810B89 /* connect4 */,
				C166B152288741B800810B89 /* Products */,
			);
			sourceTree = "<group>";
		};
		C166B152288741B800810B89 /* Products */ = {
			isa = PBXGroup;
			children = (
				C166B151288741B800810B89 /* connect4.app */,
			);
			name = Products;
			sourceTree = "<group>";
		};
		C166B153288741B800810B89 /* connect4 */ = {
			isa = PBXGroup;
			children = (
				C166B162288741BA00810B89 /* Info.plist */,
				C1B4AC82288BFEBE0015C1C5 /* Presentation */,
				C1B4AC81288BFE9A0015C1C5 /* Resources */,
			);
			path = connect4;
			sourceTree = "<group>";
		};
		C188A7382958C3CB00A94809 /* Helper */ = {
			isa = PBXGroup;
			children = (
				C188A7392958C3DC00A94809 /* UIDevice.swift */,
			);
			path = Helper;
			sourceTree = "<group>";
		};
		C1B4AC77288ABF420015C1C5 /* winner */ = {
			isa = PBXGroup;
			children = (
				C1B4AC78288ABF5E0015C1C5 /* WinnerView.storyboard */,
				C1B4AC7A288ABF770015C1C5 /* WinnerController.swift */,
			);
			path = winner;
			sourceTree = "<group>";
		};
		C1B4AC80288BFE870015C1C5 /* game */ = {
			isa = PBXGroup;
			children = (
				C1B4AC8A288E98470015C1C5 /* GameView.storyboard */,
				C1B4AC85288BFF590015C1C5 /* GameViewModel.swift */,
				C166B158288741B800810B89 /* GameController.swift */,
				C1B4AC8C288E9D440015C1C5 /* GameRouter.swift */,
			);
			path = game;
			sourceTree = "<group>";
		};
		C1B4AC81288BFE9A0015C1C5 /* Resources */ = {
			isa = PBXGroup;
			children = (
				C109EFB12952FFFE00FC266C /* 677-trophy.json */,
				C1B4AC7C288AC0A20015C1C5 /* 67230-trophy-winner.json */,
				C166B15D288741BA00810B89 /* Assets.xcassets */,
				C166B15F288741BA00810B89 /* LaunchScreen.storyboard */,
				C109EFB729539BD000FC266C /* Localizable.strings */,
			);
			path = Resources;
			sourceTree = "<group>";
		};
		C1B4AC82288BFEBE0015C1C5 /* Presentation */ = {
			isa = PBXGroup;
			children = (
				C188A7382958C3CB00A94809 /* Helper */,
				C1B4AC83288BFECB0015C1C5 /* App */,
				C1B4AC84288BFED70015C1C5 /* Modules */,
			);
			path = Presentation;
			sourceTree = "<group>";
		};
		C1B4AC83288BFECB0015C1C5 /* App */ = {
			isa = PBXGroup;
			children = (
				C166B154288741B800810B89 /* AppDelegate.swift */,
				C166B156288741B800810B89 /* SceneDelegate.swift */,
			);
			path = App;
			sourceTree = "<group>";
		};
		C1B4AC84288BFED70015C1C5 /* Modules */ = {
			isa = PBXGroup;
			children = (
				C109EFA829523BCB00FC266C /* menu */,
				C1B4AC80288BFE870015C1C5 /* game */,
				C1B4AC77288ABF420015C1C5 /* winner */,
			);
			path = Modules;
			sourceTree = "<group>";
		};
/* End PBXGroup section */

/* Begin PBXNativeTarget section */
		C166B150288741B800810B89 /* connect4 */ = {
			isa = PBXNativeTarget;
			buildConfigurationList = C166B165288741BA00810B89 /* Build configuration list for PBXNativeTarget "connect4" */;
			buildPhases = (
				C166B14D288741B800810B89 /* Sources */,
				C166B14E288741B800810B89 /* Frameworks */,
				C166B14F288741B800810B89 /* Resources */,
			);
			buildRules = (
			);
			dependencies = (
			);
			name = connect4;
			packageProductDependencies = (
				C1B4AC75288ABA5A0015C1C5 /* Lottie */,
			);
			productName = connect4;
			productReference = C166B151288741B800810B89 /* connect4.app */;
			productType = "com.apple.product-type.application";
		};
/* End PBXNativeTarget section */

/* Begin PBXProject section */
		C166B149288741B800810B89 /* Project object */ = {
			isa = PBXProject;
			attributes = {
				BuildIndependentTargetsInParallel = 1;
				LastSwiftUpdateCheck = 1340;
				LastUpgradeCheck = 1340;
				TargetAttributes = {
					C166B150288741B800810B89 = {
						CreatedOnToolsVersion = 13.4.1;
					};
				};
			};
			buildConfigurationList = C166B14C288741B800810B89 /* Build configuration list for PBXProject "connect4" */;
			compatibilityVersion = "Xcode 13.0";
			developmentRegion = en;
			hasScannedForEncodings = 0;
			knownRegions = (
				en,
				Base,
				es,
			);
			mainGroup = C166B148288741B800810B89;
			packageReferences = (
				C1B4AC74288ABA5A0015C1C5 /* XCRemoteSwiftPackageReference "lottie-ios" */,
			);
			productRefGroup = C166B152288741B800810B89 /* Products */;
			projectDirPath = "";
			projectRoot = "";
			targets = (
				C166B150288741B800810B89 /* connect4 */,
			);
		};
/* End PBXProject section */

/* Begin PBXResourcesBuildPhase section */
		C166B14F288741B800810B89 /* Resources */ = {
			isa = PBXResourcesBuildPhase;
			buildActionMask = 2147483647;
			files = (
				C109EFB22952FFFE00FC266C /* 677-trophy.json in Resources */,
				C166B161288741BA00810B89 /* LaunchScreen.storyboard in Resources */,
				C166B15E288741BA00810B89 /* Assets.xcassets in Resources */,
				C109EFB029523D1300FC266C /* MenuView.storyboard in Resources */,
				C1B4AC7D288AC0A30015C1C5 /* 67230-trophy-winner.json in Resources */,
				C109EFB529539BD000FC266C /* Localizable.strings in Resources */,
				C1B4AC8B288E98470015C1C5 /* GameView.storyboard in Resources */,
				C1B4AC79288ABF5E0015C1C5 /* WinnerView.storyboard in Resources */,
			);
			runOnlyForDeploymentPostprocessing = 0;
		};
/* End PBXResourcesBuildPhase section */

/* Begin PBXSourcesBuildPhase section */
		C166B14D288741B800810B89 /* Sources */ = {
			isa = PBXSourcesBuildPhase;
			buildActionMask = 2147483647;
			files = (
				C1B4AC86288BFF590015C1C5 /* GameViewModel.swift in Sources */,
				C109EFAA29523C1200FC266C /* MenuController.swift in Sources */,
				C109EFAE29523CD800FC266C /* MenuRouter.swift in Sources */,
				C1B4AC7B288ABF770015C1C5 /* WinnerController.swift in Sources */,
				C166B159288741B800810B89 /* GameController.swift in Sources */,
				C188A73A2958C3DC00A94809 /* UIDevice.swift in Sources */,
				C166B155288741B800810B89 /* AppDelegate.swift in Sources */,
				C1B4AC8D288E9D440015C1C5 /* GameRouter.swift in Sources */,
				C166B157288741B800810B89 /* SceneDelegate.swift in Sources */,
				C109EFAC29523C9600FC266C /* MenuViewModel.swift in Sources */,
			);
			runOnlyForDeploymentPostprocessing = 0;
		};
/* End PBXSourcesBuildPhase section */

/* Begin PBXVariantGroup section */
		C109EFB729539BD000FC266C /* Localizable.strings */ = {
			isa = PBXVariantGroup;
			children = (
				C109EFB629539BD000FC266C /* en */,
				C109EFB929539BEE00FC266C /* es */,
			);
			name = Localizable.strings;
			sourceTree = "<group>";
		};
		C166B15F288741BA00810B89 /* LaunchScreen.storyboard */ = {
			isa = PBXVariantGroup;
			children = (
				C166B160288741BA00810B89 /* Base */,
				C109EFB829539BEE00FC266C /* es */,
			);
			name = LaunchScreen.storyboard;
			sourceTree = "<group>";
		};
/* End PBXVariantGroup section */

/* Begin XCBuildConfiguration section */
		C166B163288741BA00810B89 /* Debug */ = {
			isa = XCBuildConfiguration;
			buildSettings = {
				ALWAYS_SEARCH_USER_PATHS = NO;
				CLANG_ANALYZER_LOCALIZABILITY_NONLOCALIZED = YES;
				CLANG_ANALYZER_NONNULL = YES;
				CLANG_ANALYZER_NUMBER_OBJECT_CONVERSION = YES_AGGRESSIVE;
				CLANG_CXX_LANGUAGE_STANDARD = "gnu++17";
				CLANG_ENABLE_MODULES = YES;
				CLANG_ENABLE_OBJC_ARC = YES;
				CLANG_ENABLE_OBJC_WEAK = YES;
				CLANG_WARN_BLOCK_CAPTURE_AUTORELEASING = YES;
				CLANG_WARN_BOOL_CONVERSION = YES;
				CLANG_WARN_COMMA = YES;
				CLANG_WARN_CONSTANT_CONVERSION = YES;
				CLANG_WARN_DEPRECATED_OBJC_IMPLEMENTATIONS = YES;
				CLANG_WARN_DIRECT_OBJC_ISA_USAGE = YES_ERROR;
				CLANG_WARN_DOCUMENTATION_COMMENTS = YES;
				CLANG_WARN_EMPTY_BODY = YES;
				CLANG_WARN_ENUM_CONVERSION = YES;
				CLANG_WARN_INFINITE_RECURSION = YES;
				CLANG_WARN_INT_CONVERSION = YES;
				CLANG_WARN_NON_LITERAL_NULL_CONVERSION = YES;
				CLANG_WARN_OBJC_IMPLICIT_RETAIN_SELF = YES;
				CLANG_WARN_OBJC_LITERAL_CONVERSION = YES;
				CLANG_WARN_OBJC_ROOT_CLASS = YES_ERROR;
				CLANG_WARN_QUOTED_INCLUDE_IN_FRAMEWORK_HEADER = YES;
				CLANG_WARN_RANGE_LOOP_ANALYSIS = YES;
				CLANG_WARN_STRICT_PROTOTYPES = YES;
				CLANG_WARN_SUSPICIOUS_MOVE = YES;
				CLANG_WARN_UNGUARDED_AVAILABILITY = YES_AGGRESSIVE;
				CLANG_WARN_UNREACHABLE_CODE = YES;
				CLANG_WARN__DUPLICATE_METHOD_MATCH = YES;
				COPY_PHASE_STRIP = NO;
				DEBUG_INFORMATION_FORMAT = dwarf;
				ENABLE_STRICT_OBJC_MSGSEND = YES;
				ENABLE_TESTABILITY = YES;
				GCC_C_LANGUAGE_STANDARD = gnu11;
				GCC_DYNAMIC_NO_PIC = NO;
				GCC_NO_COMMON_BLOCKS = YES;
				GCC_OPTIMIZATION_LEVEL = 0;
				GCC_PREPROCESSOR_DEFINITIONS = (
					"DEBUG=1",
					"$(inherited)",
				);
				GCC_WARN_64_TO_32_BIT_CONVERSION = YES;
				GCC_WARN_ABOUT_RETURN_TYPE = YES_ERROR;
				GCC_WARN_UNDECLARED_SELECTOR = YES;
				GCC_WARN_UNINITIALIZED_AUTOS = YES_AGGRESSIVE;
				GCC_WARN_UNUSED_FUNCTION = YES;
				GCC_WARN_UNUSED_VARIABLE = YES;
				IPHONEOS_DEPLOYMENT_TARGET = 15.5;
				MTL_ENABLE_DEBUG_INFO = INCLUDE_SOURCE;
				MTL_FAST_MATH = YES;
				ONLY_ACTIVE_ARCH = YES;
				SDKROOT = iphoneos;
				SWIFT_ACTIVE_COMPILATION_CONDITIONS = DEBUG;
				SWIFT_OPTIMIZATION_LEVEL = "-Onone";
			};
			name = Debug;
		};
		C166B164288741BA00810B89 /* Release */ = {
			isa = XCBuildConfiguration;
			buildSettings = {
				ALWAYS_SEARCH_USER_PATHS = NO;
				CLANG_ANALYZER_LOCALIZABILITY_NONLOCALIZED = YES;
				CLANG_ANALYZER_NONNULL = YES;
				CLANG_ANALYZER_NUMBER_OBJECT_CONVERSION = YES_AGGRESSIVE;
				CLANG_CXX_LANGUAGE_STANDARD = "gnu++17";
				CLANG_ENABLE_MODULES = YES;
				CLANG_ENABLE_OBJC_ARC = YES;
				CLANG_ENABLE_OBJC_WEAK = YES;
				CLANG_WARN_BLOCK_CAPTURE_AUTORELEASING = YES;
				CLANG_WARN_BOOL_CONVERSION = YES;
				CLANG_WARN_COMMA = YES;
				CLANG_WARN_CONSTANT_CONVERSION = YES;
				CLANG_WARN_DEPRECATED_OBJC_IMPLEMENTATIONS = YES;
				CLANG_WARN_DIRECT_OBJC_ISA_USAGE = YES_ERROR;
				CLANG_WARN_DOCUMENTATION_COMMENTS = YES;
				CLANG_WARN_EMPTY_BODY = YES;
				CLANG_WARN_ENUM_CONVERSION = YES;
				CLANG_WARN_INFINITE_RECURSION = YES;
				CLANG_WARN_INT_CONVERSION = YES;
				CLANG_WARN_NON_LITERAL_NULL_CONVERSION = YES;
				CLANG_WARN_OBJC_IMPLICIT_RETAIN_SELF = YES;
				CLANG_WARN_OBJC_LITERAL_CONVERSION = YES;
				CLANG_WARN_OBJC_ROOT_CLASS = YES_ERROR;
				CLANG_WARN_QUOTED_INCLUDE_IN_FRAMEWORK_HEADER = YES;
				CLANG_WARN_RANGE_LOOP_ANALYSIS = YES;
				CLANG_WARN_STRICT_PROTOTYPES = YES;
				CLANG_WARN_SUSPICIOUS_MOVE = YES;
				CLANG_WARN_UNGUARDED_AVAILABILITY = YES_AGGRESSIVE;
				CLANG_WARN_UNREACHABLE_CODE = YES;
				CLANG_WARN__DUPLICATE_METHOD_MATCH = YES;
				COPY_PHASE_STRIP = NO;
				DEBUG_INFORMATION_FORMAT = "dwarf-with-dsym";
				ENABLE_NS_ASSERTIONS = NO;
				ENABLE_STRICT_OBJC_MSGSEND = YES;
				GCC_C_LANGUAGE_STANDARD = gnu11;
				GCC_NO_COMMON_BLOCKS = YES;
				GCC_WARN_64_TO_32_BIT_CONVERSION = YES;
				GCC_WARN_ABOUT_RETURN_TYPE = YES_ERROR;
				GCC_WARN_UNDECLARED_SELECTOR = YES;
				GCC_WARN_UNINITIALIZED_AUTOS = YES_AGGRESSIVE;
				GCC_WARN_UNUSED_FUNCTION = YES;
				GCC_WARN_UNUSED_VARIABLE = YES;
				IPHONEOS_DEPLOYMENT_TARGET = 15.5;
				MTL_ENABLE_DEBUG_INFO = NO;
				MTL_FAST_MATH = YES;
				SDKROOT = iphoneos;
				SWIFT_COMPILATION_MODE = wholemodule;
				SWIFT_OPTIMIZATION_LEVEL = "-O";
				VALIDATE_PRODUCT = YES;
			};
			name = Release;
		};
		C166B166288741BA00810B89 /* Debug */ = {
			isa = XCBuildConfiguration;
			buildSettings = {
				ASSETCATALOG_COMPILER_APPICON_NAME = AppIcon;
				ASSETCATALOG_COMPILER_GLOBAL_ACCENT_COLOR_NAME = AccentColor;
				CODE_SIGN_STYLE = Automatic;
				CURRENT_PROJECT_VERSION = 1;
				DEVELOPMENT_TEAM = R88CDNMKLQ;
				GENERATE_INFOPLIST_FILE = YES;
				INFOPLIST_FILE = connect4/Info.plist;
				INFOPLIST_KEY_CFBundleDisplayName = "Connect 4";
				INFOPLIST_KEY_LSApplicationCategoryType = "public.app-category.board-games";
				INFOPLIST_KEY_UIApplicationSupportsIndirectInputEvents = YES;
				INFOPLIST_KEY_UILaunchStoryboardName = LaunchScreen;
				INFOPLIST_KEY_UIMainStoryboardFile = GameView;
				INFOPLIST_KEY_UISupportedInterfaceOrientations = UIInterfaceOrientationPortrait;
				INFOPLIST_KEY_UISupportedInterfaceOrientations_iPad = "UIInterfaceOrientationLandscapeLeft UIInterfaceOrientationLandscapeRight UIInterfaceOrientationPortrait UIInterfaceOrientationPortraitUpsideDown";
				LD_RUNPATH_SEARCH_PATHS = (
					"$(inherited)",
					"@executable_path/Frameworks",
				);
				MARKETING_VERSION = 1.0;
				PRODUCT_BUNDLE_IDENTIFIER = es.rudo.connect4;
				PRODUCT_NAME = "$(TARGET_NAME)";
				SWIFT_EMIT_LOC_STRINGS = YES;
				SWIFT_VERSION = 5.0;
				TARGETED_DEVICE_FAMILY = 1;
			};
			name = Debug;
		};
		C166B167288741BA00810B89 /* Release */ = {
			isa = XCBuildConfiguration;
			buildSettings = {
				ASSETCATALOG_COMPILER_APPICON_NAME = AppIcon;
				ASSETCATALOG_COMPILER_GLOBAL_ACCENT_COLOR_NAME = AccentColor;
				CODE_SIGN_STYLE = Automatic;
				CURRENT_PROJECT_VERSION = 1;
				DEVELOPMENT_TEAM = R88CDNMKLQ;
				GENERATE_INFOPLIST_FILE = YES;
				INFOPLIST_FILE = connect4/Info.plist;
				INFOPLIST_KEY_CFBundleDisplayName = "Connect 4";
				INFOPLIST_KEY_LSApplicationCategoryType = "public.app-category.board-games";
				INFOPLIST_KEY_UIApplicationSupportsIndirectInputEvents = YES;
				INFOPLIST_KEY_UILaunchStoryboardName = LaunchScreen;
				INFOPLIST_KEY_UIMainStoryboardFile = GameView;
				INFOPLIST_KEY_UISupportedInterfaceOrientations = UIInterfaceOrientationPortrait;
				INFOPLIST_KEY_UISupportedInterfaceOrientations_iPad = "UIInterfaceOrientationLandscapeLeft UIInterfaceOrientationLandscapeRight UIInterfaceOrientationPortrait UIInterfaceOrientationPortraitUpsideDown";
				LD_RUNPATH_SEARCH_PATHS = (
					"$(inherited)",
					"@executable_path/Frameworks",
				);
				MARKETING_VERSION = 1.0;
				PRODUCT_BUNDLE_IDENTIFIER = es.rudo.connect4;
				PRODUCT_NAME = "$(TARGET_NAME)";
				SWIFT_EMIT_LOC_STRINGS = YES;
				SWIFT_VERSION = 5.0;
				TARGETED_DEVICE_FAMILY = 1;
			};
			name = Release;
		};
/* End XCBuildConfiguration section */

/* Begin XCConfigurationList section */
		C166B14C288741B800810B89 /* Build configuration list for PBXProject "connect4" */ = {
			isa = XCConfigurationList;
			buildConfigurations = (
				C166B163288741BA00810B89 /* Debug */,
				C166B164288741BA00810B89 /* Release */,
			);
			defaultConfigurationIsVisible = 0;
			defaultConfigurationName = Release;
		};
		C166B165288741BA00810B89 /* Build configuration list for PBXNativeTarget "connect4" */ = {
			isa = XCConfigurationList;
			buildConfigurations = (
				C166B166288741BA00810B89 /* Debug */,
				C166B167288741BA00810B89 /* Release */,
			);
			defaultConfigurationIsVisible = 0;
			defaultConfigurationName = Release;
		};
/* End XCConfigurationList section */

/* Begin XCRemoteSwiftPackageReference section */
		C1B4AC74288ABA5A0015C1C5 /* XCRemoteSwiftPackageReference "lottie-ios" */ = {
			isa = XCRemoteSwiftPackageReference;
			repositoryURL = "https://github.com/airbnb/lottie-ios";
			requirement = {
				kind = upToNextMajorVersion;
				minimumVersion = 3.0.0;
			};
		};
/* End XCRemoteSwiftPackageReference section */

/* Begin XCSwiftPackageProductDependency section */
		C1B4AC75288ABA5A0015C1C5 /* Lottie */ = {
			isa = XCSwiftPackageProductDependency;
			package = C1B4AC74288ABA5A0015C1C5 /* XCRemoteSwiftPackageReference "lottie-ios" */;
			productName = Lottie;
		};
/* End XCSwiftPackageProductDependency section */
	};
	rootObject = C166B149288741B800810B89 /* Project object */;
}
